
Microsoft Visual Studio Solution File, Format Version 11.00
# Visual Studio 2010
Project("{FAE04EC0-301F-11D3-BF4B-00C04F79EFBC}") = "ProtoStringFixer", "ProtoStringFixer\ProtoStringFixer.csproj", "{FDCA4AB2-6E3B-4269-BBC7-4BBD3806B99B}"
EndProject
Project("{FAE04EC0-301F-11D3-BF4B-00C04F79EFBC}") = "ProtoHelpers", "ProtoHelpers\ProtoHelpers.csproj", "{1519D483-C89D-4B86-8A48-2E4F05440423}"
EndProject
Project("{FAE04EC0-301F-11D3-BF4B-00C04F79EFBC}") = "ProtoStringViewer", "ProtoStringViewer\ProtoStringViewer.csproj", "{16031196-6376-47C3-AC91-0BBA17F1F7C6}"
EndProject
Project("{FAE04EC0-301F-11D3-BF4B-00C04F79EFBC}") = "BNet2ProtoExtractor", "BNet2ProtoExtractor\BNet2ProtoExtractor.csproj", "{2EFA5D57-9063-49BB-A6B4-5D125F26CA38}"
EndProject
Project("{FAE04EC0-301F-11D3-BF4B-00C04F79EFBC}") = "D3Proto", "..\source\D3Proto\D3Proto.csproj", "{4CC19847-6F24-4453-9E31-126F94308AB9}"
EndProject
Global
	GlobalSection(SolutionConfigurationPlatforms) = preSolution
		Debug|Any CPU = Debug|Any CPU
		Debug|Mixed Platforms = Debug|Mixed Platforms
		Debug|x86 = Debug|x86
		Release|Any CPU = Release|Any CPU
		Release|Mixed Platforms = Release|Mixed Platforms
		Release|x86 = Release|x86
	EndGlobalSection
	GlobalSection(ProjectConfigurationPlatforms) = postSolution
		{FDCA4AB2-6E3B-4269-BBC7-4BBD3806B99B}.Debug|Any CPU.ActiveCfg = Debug|x86
		{FDCA4AB2-6E3B-4269-BBC7-4BBD3806B99B}.Debug|Mixed Platforms.ActiveCfg = Debug|x86
		{FDCA4AB2-6E3B-4269-BBC7-4BBD3806B99B}.Debug|Mixed Platforms.Build.0 = Debug|x86
		{FDCA4AB2-6E3B-4269-BBC7-4BBD3806B99B}.Debug|x86.ActiveCfg = Debug|x86
		{FDCA4AB2-6E3B-4269-BBC7-4BBD3806B99B}.Debug|x86.Build.0 = Debug|x86
		{FDCA4AB2-6E3B-4269-BBC7-4BBD3806B99B}.Release|Any CPU.ActiveCfg = Release|x86
		{FDCA4AB2-6E3B-4269-BBC7-4BBD3806B99B}.Release|Mixed Platforms.ActiveCfg = Release|x86
		{FDCA4AB2-6E3B-4269-BBC7-4BBD3806B99B}.Release|Mixed Platforms.Build.0 = Release|x86
		{FDCA4AB2-6E3B-4269-BBC7-4BBD3806B99B}.Release|x86.ActiveCfg = Release|x86
		{FDCA4AB2-6E3B-4269-BBC7-4BBD3806B99B}.Release|x86.Build.0 = Release|x86
		{1519D483-C89D-4B86-8A48-2E4F05440423}.Debug|Any CPU.ActiveCfg = Debug|Any CPU
		{1519D483-C89D-4B86-8A48-2E4F05440423}.Debug|Any CPU.Build.0 = Debug|Any CPU
		{1519D483-C89D-4B86-8A48-2E4F05440423}.Debug|Mixed Platforms.ActiveCfg = Debug|Any CPU
		{1519D483-C89D-4B86-8A48-2E4F05440423}.Debug|Mixed Platforms.Build.0 = Debug|Any CPU
		{1519D483-C89D-4B86-8A48-2E4F05440423}.Debug|x86.ActiveCfg = Debug|Any CPU
		{1519D483-C89D-4B86-8A48-2E4F05440423}.Debug|x86.Build.0 = Debug|Any CPU
		{1519D483-C89D-4B86-8A48-2E4F05440423}.Release|Any CPU.ActiveCfg = Release|Any CPU
		{1519D483-C89D-4B86-8A48-2E4F05440423}.Release|Any CPU.Build.0 = Release|Any CPU
		{1519D483-C89D-4B86-8A48-2E4F05440423}.Release|Mixed Platforms.ActiveCfg = Release|Any CPU
		{1519D483-C89D-4B86-8A48-2E4F05440423}.Release|Mixed Platforms.Build.0 = Release|Any CPU
		{1519D483-C89D-4B86-8A48-2E4F05440423}.Release|x86.ActiveCfg = Release|Any CPU
		{1519D483-C89D-4B86-8A48-2E4F05440423}.Release|x86.Build.0 = Release|Any CPU
		{16031196-6376-47C3-AC91-0BBA17F1F7C6}.Debug|Any CPU.ActiveCfg = Debug|x86
		{16031196-6376-47C3-AC91-0BBA17F1F7C6}.Debug|Mixed Platforms.ActiveCfg = Debug|x86
		{16031196-6376-47C3-AC91-0BBA17F1F7C6}.Debug|Mixed Platforms.Build.0 = Debug|x86
		{16031196-6376-47C3-AC91-0BBA17F1F7C6}.Debug|x86.ActiveCfg = Debug|x86
		{16031196-6376-47C3-AC91-0BBA17F1F7C6}.Debug|x86.Build.0 = Debug|x86
		{16031196-6376-47C3-AC91-0BBA17F1F7C6}.Release|Any CPU.ActiveCfg = Release|x86
		{16031196-6376-47C3-AC91-0BBA17F1F7C6}.Release|Mixed Platforms.ActiveCfg = Release|x86
		{16031196-6376-47C3-AC91-0BBA17F1F7C6}.Release|Mixed Platforms.Build.0 = Release|x86
		{16031196-6376-47C3-AC91-0BBA17F1F7C6}.Release|x86.ActiveCfg = Release|x86
		{16031196-6376-47C3-AC91-0BBA17F1F7C6}.Release|x86.Build.0 = Release|x86
		{2EFA5D57-9063-49BB-A6B4-5D125F26CA38}.Debug|Any CPU.ActiveCfg = Debug|x86
		{2EFA5D57-9063-49BB-A6B4-5D125F26CA38}.Debug|Mixed Platforms.ActiveCfg = Debug|x86
		{2EFA5D57-9063-49BB-A6B4-5D125F26CA38}.Debug|Mixed Platforms.Build.0 = Debug|x86
		{2EFA5D57-9063-49BB-A6B4-5D125F26CA38}.Debug|x86.ActiveCfg = Debug|x86
		{2EFA5D57-9063-49BB-A6B4-5D125F26CA38}.Debug|x86.Build.0 = Debug|x86
		{2EFA5D57-9063-49BB-A6B4-5D125F26CA38}.Release|Any CPU.ActiveCfg = Release|x86
		{2EFA5D57-9063-49BB-A6B4-5D125F26CA38}.Release|Mixed Platforms.ActiveCfg = Release|x86
		{2EFA5D57-9063-49BB-A6B4-5D125F26CA38}.Release|Mixed Platforms.Build.0 = Release|x86
		{2EFA5D57-9063-49BB-A6B4-5D125F26CA38}.Release|x86.ActiveCfg = Release|x86
		{2EFA5D57-9063-49BB-A6B4-5D125F26CA38}.Release|x86.Build.0 = Release|x86
		{4CC19847-6F24-4453-9E31-126F94308AB9}.Debug|Any CPU.ActiveCfg = Debug|Any CPU
		{4CC19847-6F24-4453-9E31-126F94308AB9}.Debug|Any CPU.Build.0 = Debug|Any CPU
		{4CC19847-6F24-4453-9E31-126F94308AB9}.Debug|Mixed Platforms.ActiveCfg = Debug|Any CPU
		{4CC19847-6F24-4453-9E31-126F94308AB9}.Debug|Mixed Platforms.Build.0 = Debug|Any CPU
		{4CC19847-6F24-4453-9E31-126F94308AB9}.Debug|x86.ActiveCfg = Debug|Any CPU
		{4CC19847-6F24-4453-9E31-126F94308AB9}.Release|Any CPU.ActiveCfg = Release|Any CPU
		{4CC19847-6F24-4453-9E31-126F94308AB9}.Release|Any CPU.Build.0 = Release|Any CPU
		{4CC19847-6F24-4453-9E31-126F94308AB9}.Release|Mixed Platforms.ActiveCfg = Release|Any CPU
		{4CC19847-6F24-4453-9E31-126F94308AB9}.Release|Mixed Platforms.Build.0 = Release|Any CPU
		{4CC19847-6F24-4453-9E31-126F94308AB9}.Release|x86.ActiveCfg = Release|Any CPU
	EndGlobalSection
	GlobalSection(SolutionProperties) = preSolution
		HideSolutionNode = FALSE
	EndGlobalSection
	GlobalSection(MonoDevelopProperties) = preSolution
		StartupItem = ProtoStringFixer.csproj
	EndGlobalSection
EndGlobal
