
Microsoft Visual Studio Solution File, Format Version 11.00
# Visual Studio 2010
Project("{FAE04EC0-301F-11D3-BF4B-00C04F79EFBC}") = "D3Sharp", "D3Sharp\D3Sharp.csproj", "{41BB6B2D-BD3F-42B6-860C-D21DC74B33CD}"
EndProject
Project("{FAE04EC0-301F-11D3-BF4B-00C04F79EFBC}") = "D3Proto", "D3Proto\D3Proto.csproj", "{4CC19847-6F24-4453-9E31-126F94308AB9}"
EndProject
Project("{FAE04EC0-301F-11D3-BF4B-00C04F79EFBC}") = "ProtoStringFixer", "ProtoStringFixer\ProtoStringFixer.csproj", "{1519D483-C89D-4B86-8A48-2E4F05440423}"
EndProject
Global
	GlobalSection(SolutionConfigurationPlatforms) = preSolution
		Debug|x86 = Debug|x86
		Release|x86 = Release|x86
	EndGlobalSection
	GlobalSection(ProjectConfigurationPlatforms) = postSolution
		{1519D483-C89D-4B86-8A48-2E4F05440423}.Debug|x86.ActiveCfg = Debug|Any CPU
		{1519D483-C89D-4B86-8A48-2E4F05440423}.Debug|x86.Build.0 = Debug|Any CPU
		{1519D483-C89D-4B86-8A48-2E4F05440423}.Release|x86.ActiveCfg = Release|Any CPU
		{1519D483-C89D-4B86-8A48-2E4F05440423}.Release|x86.Build.0 = Release|Any CPU
		{41BB6B2D-BD3F-42B6-860C-D21DC74B33CD}.Debug|x86.ActiveCfg = Debug|x86
		{41BB6B2D-BD3F-42B6-860C-D21DC74B33CD}.Debug|x86.Build.0 = Debug|x86
		{41BB6B2D-BD3F-42B6-860C-D21DC74B33CD}.Release|x86.ActiveCfg = Release|x86
		{41BB6B2D-BD3F-42B6-860C-D21DC74B33CD}.Release|x86.Build.0 = Release|x86
		{4CC19847-6F24-4453-9E31-126F94308AB9}.Debug|x86.ActiveCfg = Debug|Any CPU
		{4CC19847-6F24-4453-9E31-126F94308AB9}.Debug|x86.Build.0 = Debug|Any CPU
		{4CC19847-6F24-4453-9E31-126F94308AB9}.Release|x86.ActiveCfg = Release|Any CPU
		{4CC19847-6F24-4453-9E31-126F94308AB9}.Release|x86.Build.0 = Release|Any CPU
	EndGlobalSection
	GlobalSection(MonoDevelopProperties) = preSolution
		StartupItem = D3Sharp\D3Sharp.csproj
	EndGlobalSection
EndGlobal
